
Microsoft Visual Studio Solution File, Format Version 12.00
# Visual Studio Version 16
VisualStudioVersion = 16.0.30406.217
MinimumVisualStudioVersion = 10.0.40219.1
Project("{9A19103F-16F7-4668-BE54-9A1E7A4F7556}") = "BookList", "BookList\BookList.csproj", "{CA6D723E-667B-4ACF-ABB9-D81721CBFAE6}"
EndProject
Global
	GlobalSection(SolutionConfigurationPlatforms) = preSolution
		Debug|Any CPU = Debug|Any CPU
		Release|Any CPU = Release|Any CPU
	EndGlobalSection
	GlobalSection(ProjectConfigurationPlatforms) = postSolution
		{CA6D723E-667B-4ACF-ABB9-D81721CBFAE6}.Debug|Any CPU.ActiveCfg = Debug|Any CPU
		{CA6D723E-667B-4ACF-ABB9-D81721CBFAE6}.Debug|Any CPU.Build.0 = Debug|Any CPU
		{CA6D723E-667B-4ACF-ABB9-D81721CBFAE6}.Release|Any CPU.ActiveCfg = Release|Any CPU
		{CA6D723E-667B-4ACF-ABB9-D81721CBFAE6}.Release|Any CPU.Build.0 = Release|Any CPU
	EndGlobalSection
	GlobalSection(SolutionProperties) = preSolution
		HideSolutionNode = FALSE
	EndGlobalSection
	GlobalSection(ExtensibilityGlobals) = postSolution
		SolutionGuid = {A91B038B-D191-4BA0-AEBF-A4339EFD5EA0}
	EndGlobalSection
EndGlobal
